
Microsoft Visual Studio Solution File, Format Version 12.00
# Visual Studio Version 17
VisualStudioVersion = 17.11.35303.130
MinimumVisualStudioVersion = 10.0.40219.1
Project("{FAE04EC0-301F-11D3-BF4B-00C04F79EFBC}") = "EsercitazioneC#_Ottobre", "EsercitazioneC#_Ottobre\EsercitazioneC#_Ottobre.csproj", "{0FF17BEC-C3C4-474E-87F8-FC1AD7F827D0}"
EndProject
Global
	GlobalSection(SolutionConfigurationPlatforms) = preSolution
		Debug|Any CPU = Debug|Any CPU
		Release|Any CPU = Release|Any CPU
	EndGlobalSection
	GlobalSection(ProjectConfigurationPlatforms) = postSolution
		{0FF17BEC-C3C4-474E-87F8-FC1AD7F827D0}.Debug|Any CPU.ActiveCfg = Debug|Any CPU
		{0FF17BEC-C3C4-474E-87F8-FC1AD7F827D0}.Debug|Any CPU.Build.0 = Debug|Any CPU
		{0FF17BEC-C3C4-474E-87F8-FC1AD7F827D0}.Release|Any CPU.ActiveCfg = Release|Any CPU
		{0FF17BEC-C3C4-474E-87F8-FC1AD7F827D0}.Release|Any CPU.Build.0 = Release|Any CPU
	EndGlobalSection
	GlobalSection(SolutionProperties) = preSolution
		HideSolutionNode = FALSE
	EndGlobalSection
	GlobalSection(ExtensibilityGlobals) = postSolution
		SolutionGuid = {2A254E6B-DC64-418B-941F-DBDB51E0318A}
	EndGlobalSection
EndGlobal
